
Microsoft Visual Studio Solution File, Format Version 12.00
# Visual Studio Version 17
VisualStudioVersion = 17.0.31903.59
MinimumVisualStudioVersion = 10.0.40219.1
Project("{2150E333-8FDC-42A3-9474-1A3956D46DE8}") = "src", "src", "{81FDD592-A258-4BDD-83CA-A16908863F1E}"
EndProject
Project("{FAE04EC0-301F-11D3-BF4B-00C04F79EFBC}") = "AstraKingdoms.Rules", "src\AstraKingdoms.Rules\AstraKingdoms.Rules.csproj", "{EED833A6-335B-4B92-9AEB-8B90EC98A24E}"
EndProject
Project("{2150E333-8FDC-42A3-9474-1A3956D46DE8}") = "tests", "tests", "{19192187-92B5-4EDE-9FF7-0221D9E51B10}"
EndProject
Project("{FAE04EC0-301F-11D3-BF4B-00C04F79EFBC}") = "AstraKingdoms.Rules.Tests", "tests\AstraKingdoms.Rules.Tests\AstraKingdoms.Rules.Tests.csproj", "{F3440F6B-B538-4388-BEC6-3757F2469ECC}"
EndProject
Project("{2150E333-8FDC-42A3-9474-1A3956D46DE8}") = "tools", "tools", "{91F3B0A8-D8B1-4926-B1B6-B47B92B30C1F}"
EndProject
Project("{FAE04EC0-301F-11D3-BF4B-00C04F79EFBC}") = "AstraKingdoms.Sim", "tools\AstraKingdoms.Sim\AstraKingdoms.Sim.csproj", "{37D57078-0A24-457E-8C76-1045E0B9A80C}"
EndProject
Project("{FAE04EC0-301F-11D3-BF4B-00C04F79EFBC}") = "UnityStubs", "tools\UnityStubs\UnityStubs.csproj", "{52407EE5-9D69-4310-B3F0-8BBD79F68C65}"
EndProject
Project("{FAE04EC0-301F-11D3-BF4B-00C04F79EFBC}") = "AstraKingdoms.Client.Core.Check", "tools\UnityCompileCheck\Core\AstraKingdoms.Client.Core.Check.csproj", "{E28B61DB-F345-462E-A00A-D50537E9861A}"
EndProject
Project("{FAE04EC0-301F-11D3-BF4B-00C04F79EFBC}") = "AstraKingdoms.Client.RuntimeEditor.Check", "tools\UnityCompileCheck\RuntimeEditor\AstraKingdoms.Client.RuntimeEditor.Check.csproj", "{E0FEF329-DE28-4BD9-9418-CD386FC974A1}"
EndProject
Project("{FAE04EC0-301F-11D3-BF4B-00C04F79EFBC}") = "AstraKingdoms.Client.RuntimeAndroidDev.Check", "tools\UnityCompileCheck\RuntimeAndroidDev\AstraKingdoms.Client.RuntimeAndroidDev.Check.csproj", "{19A41725-8278-4E5B-A2AD-739782C452BA}"
EndProject
Project("{FAE04EC0-301F-11D3-BF4B-00C04F79EFBC}") = "AstraKingdoms.Client.RuntimeAndroidRelease.Check", "tools\UnityCompileCheck\RuntimeAndroidRelease\AstraKingdoms.Client.RuntimeAndroidRelease.Check.csproj", "{0E7718CD-CF92-45E0-BCB6-394AC975F439}"
EndProject
Project("{FAE04EC0-301F-11D3-BF4B-00C04F79EFBC}") = "AstraKingdoms.Editor.Check", "tools\UnityCompileCheck\Editor\AstraKingdoms.Editor.Check.csproj", "{EF40A0C1-B03D-42C0-8099-10F11D8F18F3}"
EndProject
Project("{FAE04EC0-301F-11D3-BF4B-00C04F79EFBC}") = "AstraKingdoms.UnityTests.Check", "tools\UnityCompileCheck\Tests\AstraKingdoms.UnityTests.Check.csproj", "{6996A00E-DDA2-4816-81EF-ECC7321A2A32}"
EndProject
Project("{FAE04EC0-301F-11D3-BF4B-00C04F79EFBC}") = "AstraKingdoms.Client.Core.Tests", "tests\AstraKingdoms.Client.Core.Tests\AstraKingdoms.Client.Core.Tests.csproj", "{BE722E5B-C861-47AF-9549-92CD8EF9B5FA}"
EndProject
Project("{FAE04EC0-301F-11D3-BF4B-00C04F79EFBC}") = "AstraKingdoms.Modes", "src\AstraKingdoms.Modes\AstraKingdoms.Modes.csproj", "{38423F0E-45BE-4827-9F2A-74A679447077}"
EndProject
Project("{FAE04EC0-301F-11D3-BF4B-00C04F79EFBC}") = "AstraKingdoms.Modes.Tests", "tests\AstraKingdoms.Modes.Tests\AstraKingdoms.Modes.Tests.csproj", "{49322366-7680-4178-AC39-3F5662DAA90E}"
EndProject
Global
	GlobalSection(SolutionConfigurationPlatforms) = preSolution
		Debug|Any CPU = Debug|Any CPU
		Release|Any CPU = Release|Any CPU
	EndGlobalSection
	GlobalSection(SolutionProperties) = preSolution
		HideSolutionNode = FALSE
	EndGlobalSection
	GlobalSection(ProjectConfigurationPlatforms) = postSolution
		{EED833A6-335B-4B92-9AEB-8B90EC98A24E}.Debug|Any CPU.ActiveCfg = Debug|Any CPU
		{EED833A6-335B-4B92-9AEB-8B90EC98A24E}.Debug|Any CPU.Build.0 = Debug|Any CPU
		{EED833A6-335B-4B92-9AEB-8B90EC98A24E}.Release|Any CPU.ActiveCfg = Release|Any CPU
		{EED833A6-335B-4B92-9AEB-8B90EC98A24E}.Release|Any CPU.Build.0 = Release|Any CPU
		{F3440F6B-B538-4388-BEC6-3757F2469ECC}.Debug|Any CPU.ActiveCfg = Debug|Any CPU
		{F3440F6B-B538-4388-BEC6-3757F2469ECC}.Debug|Any CPU.Build.0 = Debug|Any CPU
		{F3440F6B-B538-4388-BEC6-3757F2469ECC}.Release|Any CPU.ActiveCfg = Release|Any CPU
		{F3440F6B-B538-4388-BEC6-3757F2469ECC}.Release|Any CPU.Build.0 = Release|Any CPU
		{37D57078-0A24-457E-8C76-1045E0B9A80C}.Debug|Any CPU.ActiveCfg = Debug|Any CPU
		{37D57078-0A24-457E-8C76-1045E0B9A80C}.Debug|Any CPU.Build.0 = Debug|Any CPU
		{37D57078-0A24-457E-8C76-1045E0B9A80C}.Release|Any CPU.ActiveCfg = Release|Any CPU
		{37D57078-0A24-457E-8C76-1045E0B9A80C}.Release|Any CPU.Build.0 = Release|Any CPU
		{52407EE5-9D69-4310-B3F0-8BBD79F68C65}.Debug|Any CPU.ActiveCfg = Debug|Any CPU
		{52407EE5-9D69-4310-B3F0-8BBD79F68C65}.Debug|Any CPU.Build.0 = Debug|Any CPU
		{52407EE5-9D69-4310-B3F0-8BBD79F68C65}.Release|Any CPU.ActiveCfg = Release|Any CPU
		{52407EE5-9D69-4310-B3F0-8BBD79F68C65}.Release|Any CPU.Build.0 = Release|Any CPU
		{E28B61DB-F345-462E-A00A-D50537E9861A}.Debug|Any CPU.ActiveCfg = Debug|Any CPU
		{E28B61DB-F345-462E-A00A-D50537E9861A}.Debug|Any CPU.Build.0 = Debug|Any CPU
		{E28B61DB-F345-462E-A00A-D50537E9861A}.Release|Any CPU.ActiveCfg = Release|Any CPU
		{E28B61DB-F345-462E-A00A-D50537E9861A}.Release|Any CPU.Build.0 = Release|Any CPU
		{E0FEF329-DE28-4BD9-9418-CD386FC974A1}.Debug|Any CPU.ActiveCfg = Debug|Any CPU
		{E0FEF329-DE28-4BD9-9418-CD386FC974A1}.Debug|Any CPU.Build.0 = Debug|Any CPU
		{E0FEF329-DE28-4BD9-9418-CD386FC974A1}.Release|Any CPU.ActiveCfg = Release|Any CPU
		{E0FEF329-DE28-4BD9-9418-CD386FC974A1}.Release|Any CPU.Build.0 = Release|Any CPU
		{19A41725-8278-4E5B-A2AD-739782C452BA}.Debug|Any CPU.ActiveCfg = Debug|Any CPU
		{19A41725-8278-4E5B-A2AD-739782C452BA}.Debug|Any CPU.Build.0 = Debug|Any CPU
		{19A41725-8278-4E5B-A2AD-739782C452BA}.Release|Any CPU.ActiveCfg = Release|Any CPU
		{19A41725-8278-4E5B-A2AD-739782C452BA}.Release|Any CPU.Build.0 = Release|Any CPU
		{0E7718CD-CF92-45E0-BCB6-394AC975F439}.Debug|Any CPU.ActiveCfg = Debug|Any CPU
		{0E7718CD-CF92-45E0-BCB6-394AC975F439}.Debug|Any CPU.Build.0 = Debug|Any CPU
		{0E7718CD-CF92-45E0-BCB6-394AC975F439}.Release|Any CPU.ActiveCfg = Release|Any CPU
		{0E7718CD-CF92-45E0-BCB6-394AC975F439}.Release|Any CPU.Build.0 = Release|Any CPU
		{EF40A0C1-B03D-42C0-8099-10F11D8F18F3}.Debug|Any CPU.ActiveCfg = Debug|Any CPU
		{EF40A0C1-B03D-42C0-8099-10F11D8F18F3}.Debug|Any CPU.Build.0 = Debug|Any CPU
		{EF40A0C1-B03D-42C0-8099-10F11D8F18F3}.Release|Any CPU.ActiveCfg = Release|Any CPU
		{EF40A0C1-B03D-42C0-8099-10F11D8F18F3}.Release|Any CPU.Build.0 = Release|Any CPU
		{6996A00E-DDA2-4816-81EF-ECC7321A2A32}.Debug|Any CPU.ActiveCfg = Debug|Any CPU
		{6996A00E-DDA2-4816-81EF-ECC7321A2A32}.Debug|Any CPU.Build.0 = Debug|Any CPU
		{6996A00E-DDA2-4816-81EF-ECC7321A2A32}.Release|Any CPU.ActiveCfg = Release|Any CPU
		{6996A00E-DDA2-4816-81EF-ECC7321A2A32}.Release|Any CPU.Build.0 = Release|Any CPU
		{BE722E5B-C861-47AF-9549-92CD8EF9B5FA}.Debug|Any CPU.ActiveCfg = Debug|Any CPU
		{BE722E5B-C861-47AF-9549-92CD8EF9B5FA}.Debug|Any CPU.Build.0 = Debug|Any CPU
		{BE722E5B-C861-47AF-9549-92CD8EF9B5FA}.Release|Any CPU.ActiveCfg = Release|Any CPU
		{BE722E5B-C861-47AF-9549-92CD8EF9B5FA}.Release|Any CPU.Build.0 = Release|Any CPU
		{38423F0E-45BE-4827-9F2A-74A679447077}.Debug|Any CPU.ActiveCfg = Debug|Any CPU
		{38423F0E-45BE-4827-9F2A-74A679447077}.Debug|Any CPU.Build.0 = Debug|Any CPU
		{38423F0E-45BE-4827-9F2A-74A679447077}.Release|Any CPU.ActiveCfg = Release|Any CPU
		{38423F0E-45BE-4827-9F2A-74A679447077}.Release|Any CPU.Build.0 = Release|Any CPU
		{49322366-7680-4178-AC39-3F5662DAA90E}.Debug|Any CPU.ActiveCfg = Debug|Any CPU
		{49322366-7680-4178-AC39-3F5662DAA90E}.Debug|Any CPU.Build.0 = Debug|Any CPU
		{49322366-7680-4178-AC39-3F5662DAA90E}.Release|Any CPU.ActiveCfg = Release|Any CPU
		{49322366-7680-4178-AC39-3F5662DAA90E}.Release|Any CPU.Build.0 = Release|Any CPU
	EndGlobalSection
	GlobalSection(NestedProjects) = preSolution
		{EED833A6-335B-4B92-9AEB-8B90EC98A24E} = {81FDD592-A258-4BDD-83CA-A16908863F1E}
		{F3440F6B-B538-4388-BEC6-3757F2469ECC} = {19192187-92B5-4EDE-9FF7-0221D9E51B10}
		{37D57078-0A24-457E-8C76-1045E0B9A80C} = {91F3B0A8-D8B1-4926-B1B6-B47B92B30C1F}
		{52407EE5-9D69-4310-B3F0-8BBD79F68C65} = {91F3B0A8-D8B1-4926-B1B6-B47B92B30C1F}
		{E28B61DB-F345-462E-A00A-D50537E9861A} = {91F3B0A8-D8B1-4926-B1B6-B47B92B30C1F}
		{E0FEF329-DE28-4BD9-9418-CD386FC974A1} = {91F3B0A8-D8B1-4926-B1B6-B47B92B30C1F}
		{19A41725-8278-4E5B-A2AD-739782C452BA} = {91F3B0A8-D8B1-4926-B1B6-B47B92B30C1F}
		{0E7718CD-CF92-45E0-BCB6-394AC975F439} = {91F3B0A8-D8B1-4926-B1B6-B47B92B30C1F}
		{EF40A0C1-B03D-42C0-8099-10F11D8F18F3} = {91F3B0A8-D8B1-4926-B1B6-B47B92B30C1F}
		{6996A00E-DDA2-4816-81EF-ECC7321A2A32} = {91F3B0A8-D8B1-4926-B1B6-B47B92B30C1F}
		{BE722E5B-C861-47AF-9549-92CD8EF9B5FA} = {19192187-92B5-4EDE-9FF7-0221D9E51B10}
		{38423F0E-45BE-4827-9F2A-74A679447077} = {81FDD592-A258-4BDD-83CA-A16908863F1E}
		{49322366-7680-4178-AC39-3F5662DAA90E} = {19192187-92B5-4EDE-9FF7-0221D9E51B10}
	EndGlobalSection
EndGlobal
